
Microsoft Visual Studio Solution File, Format Version 12.00
# Visual Studio Version 17
VisualStudioVersion = 17.4.33213.308
MinimumVisualStudioVersion = 10.0.40219.1
Project("{FAE04EC0-301F-11D3-BF4B-00C04F79EFBC}") = "Lab 1 Creating Classes", "Lab 1 Creating Classes\Lab 1 Creating Classes.csproj", "{800AC9D1-F1D9-4426-8DB3-701A6AC55BAE}"
EndProject
Global
	GlobalSection(SolutionConfigurationPlatforms) = preSolution
		Debug|Any CPU = Debug|Any CPU
		Release|Any CPU = Release|Any CPU
	EndGlobalSection
	GlobalSection(ProjectConfigurationPlatforms) = postSolution
		{800AC9D1-F1D9-4426-8DB3-701A6AC55BAE}.Debug|Any CPU.ActiveCfg = Debug|Any CPU
		{800AC9D1-F1D9-4426-8DB3-701A6AC55BAE}.Debug|Any CPU.Build.0 = Debug|Any CPU
		{800AC9D1-F1D9-4426-8DB3-701A6AC55BAE}.Release|Any CPU.ActiveCfg = Release|Any CPU
		{800AC9D1-F1D9-4426-8DB3-701A6AC55BAE}.Release|Any CPU.Build.0 = Release|Any CPU
	EndGlobalSection
	GlobalSection(SolutionProperties) = preSolution
		HideSolutionNode = FALSE
	EndGlobalSection
	GlobalSection(ExtensibilityGlobals) = postSolution
		SolutionGuid = {256F6F3C-9885-4BCD-917A-7878D0E3FDFE}
	EndGlobalSection
EndGlobal
